
Microsoft Visual Studio Solution File, Format Version 12.00
# Visual Studio 14
VisualStudioVersion = 14.0.25420.1
MinimumVisualStudioVersion = 10.0.40219.1
Project("{FAE04EC0-301F-11D3-BF4B-00C04F79EFBC}") = "StudentRegistrationSystem", "StudentRegistrationSystem\StudentRegistrationSystem.csproj", "{AFE43E63-EE4B-41C7-AB86-672CD6838376}"
EndProject
Project("{FAE04EC0-301F-11D3-BF4B-00C04F79EFBC}") = "StudentRegistrationSystem.Tests", "StudentRegistrationSystem.Tests\StudentRegistrationSystem.Tests.csproj", "{2CDA28BB-31CD-4D48-8FC5-8D20AA7B9FB8}"
EndProject
Global
	GlobalSection(SolutionConfigurationPlatforms) = preSolution
		Debug|Any CPU = Debug|Any CPU
		Release|Any CPU = Release|Any CPU
	EndGlobalSection
	GlobalSection(ProjectConfigurationPlatforms) = postSolution
		{AFE43E63-EE4B-41C7-AB86-672CD6838376}.Debug|Any CPU.ActiveCfg = Debug|Any CPU
		{AFE43E63-EE4B-41C7-AB86-672CD6838376}.Debug|Any CPU.Build.0 = Debug|Any CPU
		{AFE43E63-EE4B-41C7-AB86-672CD6838376}.Release|Any CPU.ActiveCfg = Release|Any CPU
		{AFE43E63-EE4B-41C7-AB86-672CD6838376}.Release|Any CPU.Build.0 = Release|Any CPU
		{2CDA28BB-31CD-4D48-8FC5-8D20AA7B9FB8}.Debug|Any CPU.ActiveCfg = Debug|Any CPU
		{2CDA28BB-31CD-4D48-8FC5-8D20AA7B9FB8}.Debug|Any CPU.Build.0 = Debug|Any CPU
		{2CDA28BB-31CD-4D48-8FC5-8D20AA7B9FB8}.Release|Any CPU.ActiveCfg = Release|Any CPU
		{2CDA28BB-31CD-4D48-8FC5-8D20AA7B9FB8}.Release|Any CPU.Build.0 = Release|Any CPU
	EndGlobalSection
	GlobalSection(SolutionProperties) = preSolution
		HideSolutionNode = FALSE
	EndGlobalSection
EndGlobal
